{
  "name": "spectest",
  "version": "0.1.0",
  "lockfileVersion": 3,
  "requires": true,
  "packages": {
    "": {
      "name": "spectest",
      "version": "0.1.0",
      "devDependencies": {
        "@spec/cli": "file:../spec/packages/cli"
      }
    },
    "../spec/packages/cli": {
      "name": "@spec/cli",
      "version": "0.1.0",
      "dev": true,
      "dependencies": {
        "@spec/compiler": "workspace:*",
        "@spec/components": "workspace:*",
        "@spec/language": "workspace:*"
      },
      "bin": {
        "spec": "bin/spec.js"
      },
      "devDependencies": {
        "@types/node": "^20.0.0",
        "typescript": "^5.4.0",
        "vitest": "^1.4.0"
      }
    },
    "node_modules/@spec/cli": {
      "resolved": "../spec/packages/cli",
      "link": true
    }
  }
}
